
Microsoft Visual Studio Solution File, Format Version 12.00
# Visual Studio Version 17
VisualStudioVersion = 17.4.33213.308
MinimumVisualStudioVersion = 10.0.40219.1
Project("{FAE04EC0-301F-11D3-BF4B-00C04F79EFBC}") = "winformCsharp", "winformCsharp\winformCsharp.csproj", "{D70F368A-A414-464E-A3D4-0F48C2789794}"
EndProject
Global
	GlobalSection(SolutionConfigurationPlatforms) = preSolution
		Debug|Any CPU = Debug|Any CPU
		Release|Any CPU = Release|Any CPU
	EndGlobalSection
	GlobalSection(ProjectConfigurationPlatforms) = postSolution
		{D70F368A-A414-464E-A3D4-0F48C2789794}.Debug|Any CPU.ActiveCfg = Debug|Any CPU
		{D70F368A-A414-464E-A3D4-0F48C2789794}.Debug|Any CPU.Build.0 = Debug|Any CPU
		{D70F368A-A414-464E-A3D4-0F48C2789794}.Release|Any CPU.ActiveCfg = Release|Any CPU
		{D70F368A-A414-464E-A3D4-0F48C2789794}.Release|Any CPU.Build.0 = Release|Any CPU
	EndGlobalSection
	GlobalSection(SolutionProperties) = preSolution
		HideSolutionNode = FALSE
	EndGlobalSection
	GlobalSection(ExtensibilityGlobals) = postSolution
		SolutionGuid = {61DECD36-F60F-4719-942A-A145AAC574D4}
	EndGlobalSection
EndGlobal
